
Microsoft Visual Studio Solution File, Format Version 12.00
# Visual Studio Version 16
VisualStudioVersion = 16.0.31911.196
MinimumVisualStudioVersion = 10.0.40219.1
Project("{FAE04EC0-301F-11D3-BF4B-00C04F79EFBC}") = "AP204_Pronia", "AP204_Pronia\AP204_Pronia.csproj", "{08802B94-3FA4-468B-92DD-F4560064FE4A}"
EndProject
Global
	GlobalSection(SolutionConfigurationPlatforms) = preSolution
		Debug|Any CPU = Debug|Any CPU
		Release|Any CPU = Release|Any CPU
	EndGlobalSection
	GlobalSection(ProjectConfigurationPlatforms) = postSolution
		{08802B94-3FA4-468B-92DD-F4560064FE4A}.Debug|Any CPU.ActiveCfg = Debug|Any CPU
		{08802B94-3FA4-468B-92DD-F4560064FE4A}.Debug|Any CPU.Build.0 = Debug|Any CPU
		{08802B94-3FA4-468B-92DD-F4560064FE4A}.Release|Any CPU.ActiveCfg = Release|Any CPU
		{08802B94-3FA4-468B-92DD-F4560064FE4A}.Release|Any CPU.Build.0 = Release|Any CPU
	EndGlobalSection
	GlobalSection(SolutionProperties) = preSolution
		HideSolutionNode = FALSE
	EndGlobalSection
	GlobalSection(ExtensibilityGlobals) = postSolution
		SolutionGuid = {1E356875-F186-426F-AD54-33F4839A072E}
	EndGlobalSection
EndGlobal
